PODS:
  - LCKCoreData (2.1):
    - LCKCoreData/Core (= 2.1)
    - LCKCoreData/UIKit (= 2.1)
  - LCKCoreData/Core (2.1)
  - LCKCoreData/UIKit (2.1)

DEPENDENCIES:
  - LCKCoreData (from `git@github.com:Lickability/LCKCoreData.git`, commit `07d361d99602ecdeb94597d97de9c1cd4e6e17fe`)

EXTERNAL SOURCES:
  LCKCoreData:
    :commit: 07d361d99602ecdeb94597d97de9c1cd4e6e17fe
    :git: git@github.com:Lickability/LCKCoreData.git

SPEC CHECKSUMS:
  LCKCoreData: 2bd3f71f534e8e1150e7a44ceeb885c5e1f484b3

COCOAPODS: 0.35.0.rc2
