// !$*UTF8*$!
{
	archiveVersion = 1;
	classes = {
	};
	objectVersion = 46;
	objects = {

/* Begin PBXBuildFile section */
		BB83BDA861134F93338DBEFF /* Pods.framework in Frameworks */ = {isa = PBXBuildFile; fileRef = 2192061302A0CAD9080A4CAE /* Pods.framework */; settings = {ATTRIBUTES = (Weak, ); }; };
		C30460B21C7E101500A7DB63 /* ChildControllerExtension.swift in Sources */ = {isa = PBXBuildFile; fileRef = C30460B11C7E101500A7DB63 /* ChildControllerExtension.swift */; };
		C30460B41C7E1F6000A7DB63 /* StatListViewController.swift in Sources */ = {isa = PBXBuildFile; fileRef = C30460B31C7E1F6000A7DB63 /* StatListViewController.swift */; };
		C30460B71C7E1F8200A7DB63 /* ListViewController.swift in Sources */ = {isa = PBXBuildFile; fileRef = C30460B61C7E1F8200A7DB63 /* ListViewController.swift */; };
		C39405911C7CAE7900EBFD07 /* InfoCell.xib in Resources */ = {isa = PBXBuildFile; fileRef = C39405901C7CAE7900EBFD07 /* InfoCell.xib */; };
		C39405931C7CAF2900EBFD07 /* InfoCell.swift in Sources */ = {isa = PBXBuildFile; fileRef = C39405921C7CAF2900EBFD07 /* InfoCell.swift */; };
		C39405961C7CB10D00EBFD07 /* ColorExtension.swift in Sources */ = {isa = PBXBuildFile; fileRef = C39405951C7CB10D00EBFD07 /* ColorExtension.swift */; };
		C39405981C7CB16900EBFD07 /* FontExtension.swift in Sources */ = {isa = PBXBuildFile; fileRef = C39405971C7CB16900EBFD07 /* FontExtension.swift */; };
		C394059F1C7CB69F00EBFD07 /* Root.storyboard in Resources */ = {isa = PBXBuildFile; fileRef = C394059E1C7CB69F00EBFD07 /* Root.storyboard */; };
		C3AB8F3F1C7CF5B2007CE0BA /* HeroPersistence.swift in Sources */ = {isa = PBXBuildFile; fileRef = C3AB8F3E1C7CF5B2007CE0BA /* HeroPersistence.swift */; };
		C3AB8F401C7CF5B2007CE0BA /* HeroPersistence.swift in Sources */ = {isa = PBXBuildFile; fileRef = C3AB8F3E1C7CF5B2007CE0BA /* HeroPersistence.swift */; };
		C3AB8F411C7CF5B2007CE0BA /* HeroPersistence.swift in Sources */ = {isa = PBXBuildFile; fileRef = C3AB8F3E1C7CF5B2007CE0BA /* HeroPersistence.swift */; };
		C3AB8F471C7CF992007CE0BA /* HeroPersistenceTests.swift in Sources */ = {isa = PBXBuildFile; fileRef = C3AB8F461C7CF992007CE0BA /* HeroPersistenceTests.swift */; };
		C3AB8F491C7CF9B3007CE0BA /* TestHero.swift in Sources */ = {isa = PBXBuildFile; fileRef = C3AB8F481C7CF9B3007CE0BA /* TestHero.swift */; };
		C3AB8F4A1C7CFA27007CE0BA /* Monster.swift in Sources */ = {isa = PBXBuildFile; fileRef = F2350AFA1C7ADA6800D6E18E /* Monster.swift */; };
		C3AB8F4C1C7D0745007CE0BA /* HeroCreationViewController.swift in Sources */ = {isa = PBXBuildFile; fileRef = C3AB8F4B1C7D0745007CE0BA /* HeroCreationViewController.swift */; };
		C3AB8F4E1C7D0753007CE0BA /* HeroCreation.storyboard in Resources */ = {isa = PBXBuildFile; fileRef = C3AB8F4D1C7D0753007CE0BA /* HeroCreation.storyboard */; };
		C3AB8F551C7D0D65007CE0BA /* TableViewExtension.swift in Sources */ = {isa = PBXBuildFile; fileRef = C3AB8F541C7D0D65007CE0BA /* TableViewExtension.swift */; };
		C3AB8F581C7DF857007CE0BA /* SkillsListViewController.swift in Sources */ = {isa = PBXBuildFile; fileRef = C3AB8F571C7DF857007CE0BA /* SkillsListViewController.swift */; };
		C3AB8F5A1C7DFC99007CE0BA /* AttributedStringExtension.swift in Sources */ = {isa = PBXBuildFile; fileRef = C3AB8F591C7DFC99007CE0BA /* AttributedStringExtension.swift */; };
		F21ECDBC1C7A516B008041E9 /* AppDelegate.swift in Sources */ = {isa = PBXBuildFile; fileRef = F21ECDBB1C7A516B008041E9 /* AppDelegate.swift */; };
		F21ECDC31C7A516B008041E9 /* Assets.xcassets in Resources */ = {isa = PBXBuildFile; fileRef = F21ECDC21C7A516B008041E9 /* Assets.xcassets */; };
		F21ECDC61C7A516B008041E9 /* LaunchScreen.storyboard in Resources */ = {isa = PBXBuildFile; fileRef = F21ECDC41C7A516B008041E9 /* LaunchScreen.storyboard */; };
		F21ECDDC1C7A516B008041E9 /* Dark_DaysUITests.swift in Sources */ = {isa = PBXBuildFile; fileRef = F21ECDDB1C7A516B008041E9 /* Dark_DaysUITests.swift */; };
		F21ECDF61C7A5778008041E9 /* God.swift in Sources */ = {isa = PBXBuildFile; fileRef = F21ECDF51C7A5777008041E9 /* God.swift */; };
		F21ECDF71C7A5778008041E9 /* God.swift in Sources */ = {isa = PBXBuildFile; fileRef = F21ECDF51C7A5777008041E9 /* God.swift */; };
		F21ECDF81C7A5778008041E9 /* God.swift in Sources */ = {isa = PBXBuildFile; fileRef = F21ECDF51C7A5777008041E9 /* God.swift */; };
		F21ECDFA1C7A580C008041E9 /* ObjectProvider.swift in Sources */ = {isa = PBXBuildFile; fileRef = F21ECDF91C7A580C008041E9 /* ObjectProvider.swift */; };
		F21ECDFB1C7A580C008041E9 /* ObjectProvider.swift in Sources */ = {isa = PBXBuildFile; fileRef = F21ECDF91C7A580C008041E9 /* ObjectProvider.swift */; };
		F21ECDFC1C7A580C008041E9 /* ObjectProvider.swift in Sources */ = {isa = PBXBuildFile; fileRef = F21ECDF91C7A580C008041E9 /* ObjectProvider.swift */; };
		F21ECDFE1C7A5CD5008041E9 /* ObjectProviderTests.swift in Sources */ = {isa = PBXBuildFile; fileRef = F21ECDFD1C7A5CD5008041E9 /* ObjectProviderTests.swift */; };
		F21ECE081C7A5F1C008041E9 /* ObjectProviderTestJSONArray.json in Resources */ = {isa = PBXBuildFile; fileRef = F21ECE061C7A5F1B008041E9 /* ObjectProviderTestJSONArray.json */; };
		F21ECE091C7A5F1C008041E9 /* ObjectProviderTestJSONArray.json in Resources */ = {isa = PBXBuildFile; fileRef = F21ECE061C7A5F1B008041E9 /* ObjectProviderTestJSONArray.json */; };
		F21ECE0A1C7A5F1C008041E9 /* ObjectProviderTestJSONArray.json in Resources */ = {isa = PBXBuildFile; fileRef = F21ECE061C7A5F1B008041E9 /* ObjectProviderTestJSONArray.json */; };
		F21ECE0B1C7A5F1C008041E9 /* ObjectProviderTestJSONDictionary.json in Resources */ = {isa = PBXBuildFile; fileRef = F21ECE071C7A5F1C008041E9 /* ObjectProviderTestJSONDictionary.json */; };
		F21ECE0C1C7A5F1C008041E9 /* ObjectProviderTestJSONDictionary.json in Resources */ = {isa = PBXBuildFile; fileRef = F21ECE071C7A5F1C008041E9 /* ObjectProviderTestJSONDictionary.json */; };
		F21ECE0D1C7A5F1C008041E9 /* ObjectProviderTestJSONDictionary.json in Resources */ = {isa = PBXBuildFile; fileRef = F21ECE071C7A5F1C008041E9 /* ObjectProviderTestJSONDictionary.json */; };
		F21ECE101C7A5F8A008041E9 /* Stat.swift in Sources */ = {isa = PBXBuildFile; fileRef = F21ECE0F1C7A5F8A008041E9 /* Stat.swift */; };
		F21ECE111C7A5F8A008041E9 /* Stat.swift in Sources */ = {isa = PBXBuildFile; fileRef = F21ECE0F1C7A5F8A008041E9 /* Stat.swift */; };
		F21ECE121C7A5F8A008041E9 /* Stat.swift in Sources */ = {isa = PBXBuildFile; fileRef = F21ECE0F1C7A5F8A008041E9 /* Stat.swift */; };
		F21ECE181C7A65F1008041E9 /* Race.swift in Sources */ = {isa = PBXBuildFile; fileRef = F21ECE171C7A65F1008041E9 /* Race.swift */; };
		F21ECE191C7A65F1008041E9 /* Race.swift in Sources */ = {isa = PBXBuildFile; fileRef = F21ECE171C7A65F1008041E9 /* Race.swift */; };
		F21ECE1A1C7A65F1008041E9 /* Race.swift in Sources */ = {isa = PBXBuildFile; fileRef = F21ECE171C7A65F1008041E9 /* Race.swift */; };
		F21ECE1C1C7A662E008041E9 /* Gods.json in Resources */ = {isa = PBXBuildFile; fileRef = F21ECE1B1C7A662E008041E9 /* Gods.json */; };
		F21ECE1D1C7A662E008041E9 /* Gods.json in Resources */ = {isa = PBXBuildFile; fileRef = F21ECE1B1C7A662E008041E9 /* Gods.json */; };
		F21ECE1E1C7A662E008041E9 /* Gods.json in Resources */ = {isa = PBXBuildFile; fileRef = F21ECE1B1C7A662E008041E9 /* Gods.json */; };
		F21ECE211C7A6634008041E9 /* Races.json in Resources */ = {isa = PBXBuildFile; fileRef = F21ECE1F1C7A6634008041E9 /* Races.json */; };
		F21ECE221C7A6634008041E9 /* Races.json in Resources */ = {isa = PBXBuildFile; fileRef = F21ECE1F1C7A6634008041E9 /* Races.json */; };
		F21ECE231C7A6634008041E9 /* Races.json in Resources */ = {isa = PBXBuildFile; fileRef = F21ECE1F1C7A6634008041E9 /* Races.json */; };
		F21ECE241C7A6634008041E9 /* Stats.json in Resources */ = {isa = PBXBuildFile; fileRef = F21ECE201C7A6634008041E9 /* Stats.json */; };
		F21ECE251C7A6634008041E9 /* Stats.json in Resources */ = {isa = PBXBuildFile; fileRef = F21ECE201C7A6634008041E9 /* Stats.json */; };
		F21ECE261C7A6634008041E9 /* Stats.json in Resources */ = {isa = PBXBuildFile; fileRef = F21ECE201C7A6634008041E9 /* Stats.json */; };
		F21ECE2C1C7A6B05008041E9 /* Skills.json in Resources */ = {isa = PBXBuildFile; fileRef = F21ECE2B1C7A6B05008041E9 /* Skills.json */; };
		F21ECE2D1C7A6B05008041E9 /* Skills.json in Resources */ = {isa = PBXBuildFile; fileRef = F21ECE2B1C7A6B05008041E9 /* Skills.json */; };
		F21ECE2E1C7A6B05008041E9 /* Skills.json in Resources */ = {isa = PBXBuildFile; fileRef = F21ECE2B1C7A6B05008041E9 /* Skills.json */; };
		F21ECE301C7A6C7F008041E9 /* Skill.swift in Sources */ = {isa = PBXBuildFile; fileRef = F21ECE2F1C7A6C7F008041E9 /* Skill.swift */; };
		F21ECE311C7A6C7F008041E9 /* Skill.swift in Sources */ = {isa = PBXBuildFile; fileRef = F21ECE2F1C7A6C7F008041E9 /* Skill.swift */; };
		F21ECE321C7A6C7F008041E9 /* Skill.swift in Sources */ = {isa = PBXBuildFile; fileRef = F21ECE2F1C7A6C7F008041E9 /* Skill.swift */; };
		F21ECE341C7A6CD0008041E9 /* Items.json in Resources */ = {isa = PBXBuildFile; fileRef = F21ECE331C7A6CD0008041E9 /* Items.json */; };
		F21ECE351C7A6CD0008041E9 /* Items.json in Resources */ = {isa = PBXBuildFile; fileRef = F21ECE331C7A6CD0008041E9 /* Items.json */; };
		F21ECE361C7A6CD0008041E9 /* Items.json in Resources */ = {isa = PBXBuildFile; fileRef = F21ECE331C7A6CD0008041E9 /* Items.json */; };
		F21ECE381C7A7254008041E9 /* Item.swift in Sources */ = {isa = PBXBuildFile; fileRef = F21ECE371C7A7254008041E9 /* Item.swift */; };
		F21ECE391C7A7254008041E9 /* Item.swift in Sources */ = {isa = PBXBuildFile; fileRef = F21ECE371C7A7254008041E9 /* Item.swift */; };
		F21ECE3A1C7A7254008041E9 /* Item.swift in Sources */ = {isa = PBXBuildFile; fileRef = F21ECE371C7A7254008041E9 /* Item.swift */; };
		F21ECE3D1C7A75F7008041E9 /* Floors.json in Resources */ = {isa = PBXBuildFile; fileRef = F21ECE3C1C7A75F7008041E9 /* Floors.json */; };
		F21ECE3E1C7A75F7008041E9 /* Floors.json in Resources */ = {isa = PBXBuildFile; fileRef = F21ECE3C1C7A75F7008041E9 /* Floors.json */; };
		F21ECE3F1C7A75F7008041E9 /* Floors.json in Resources */ = {isa = PBXBuildFile; fileRef = F21ECE3C1C7A75F7008041E9 /* Floors.json */; };
		F21ECE411C7A7B94008041E9 /* Floor.swift in Sources */ = {isa = PBXBuildFile; fileRef = F21ECE401C7A7B94008041E9 /* Floor.swift */; };
		F21ECE421C7A7B94008041E9 /* Floor.swift in Sources */ = {isa = PBXBuildFile; fileRef = F21ECE401C7A7B94008041E9 /* Floor.swift */; };
		F21ECE431C7A7B94008041E9 /* Floor.swift in Sources */ = {isa = PBXBuildFile; fileRef = F21ECE401C7A7B94008041E9 /* Floor.swift */; };
		F21ECE461C7A7C90008041E9 /* Hero.swift in Sources */ = {isa = PBXBuildFile; fileRef = F21ECE451C7A7C90008041E9 /* Hero.swift */; };
		F21ECE471C7A7C90008041E9 /* Hero.swift in Sources */ = {isa = PBXBuildFile; fileRef = F21ECE451C7A7C90008041E9 /* Hero.swift */; };
		F21ECE481C7A7C90008041E9 /* Hero.swift in Sources */ = {isa = PBXBuildFile; fileRef = F21ECE451C7A7C90008041E9 /* Hero.swift */; };
		F21ECE4B1C7A7C9D008041E9 /* Inventory.swift in Sources */ = {isa = PBXBuildFile; fileRef = F21ECE4A1C7A7C9D008041E9 /* Inventory.swift */; };
		F21ECE4C1C7A7C9D008041E9 /* Inventory.swift in Sources */ = {isa = PBXBuildFile; fileRef = F21ECE4A1C7A7C9D008041E9 /* Inventory.swift */; };
		F21ECE4D1C7A7C9D008041E9 /* Inventory.swift in Sources */ = {isa = PBXBuildFile; fileRef = F21ECE4A1C7A7C9D008041E9 /* Inventory.swift */; };
		F21ECE4F1C7A7E0E008041E9 /* Nameable.swift in Sources */ = {isa = PBXBuildFile; fileRef = F21ECE4E1C7A7E0E008041E9 /* Nameable.swift */; };
		F21ECE501C7A7E0E008041E9 /* Nameable.swift in Sources */ = {isa = PBXBuildFile; fileRef = F21ECE4E1C7A7E0E008041E9 /* Nameable.swift */; };
		F21ECE511C7A7E0E008041E9 /* Nameable.swift in Sources */ = {isa = PBXBuildFile; fileRef = F21ECE4E1C7A7E0E008041E9 /* Nameable.swift */; };
		F21ECE7B1C7A9D67008041E9 /* Coding.swift in Sources */ = {isa = PBXBuildFile; fileRef = F21ECE7A1C7A9D67008041E9 /* Coding.swift */; };
		F21ECE7C1C7A9D67008041E9 /* Coding.swift in Sources */ = {isa = PBXBuildFile; fileRef = F21ECE7A1C7A9D67008041E9 /* Coding.swift */; };
		F21ECE7D1C7A9D67008041E9 /* Coding.swift in Sources */ = {isa = PBXBuildFile; fileRef = F21ECE7A1C7A9D67008041E9 /* Coding.swift */; };
		F2350AF31C7AAD4800D6E18E /* InventoryPersistenceTests.swift in Sources */ = {isa = PBXBuildFile; fileRef = F2350AF21C7AAD4800D6E18E /* InventoryPersistenceTests.swift */; };
		F2350AF61C7AD51000D6E18E /* ItemCodingTests.swift in Sources */ = {isa = PBXBuildFile; fileRef = F2350AF51C7AD51000D6E18E /* ItemCodingTests.swift */; };
		F2350AF81C7AD60700D6E18E /* HeroCodingTests.swift in Sources */ = {isa = PBXBuildFile; fileRef = F2350AF71C7AD60700D6E18E /* HeroCodingTests.swift */; };
		F2350AFB1C7ADA6800D6E18E /* Monster.swift in Sources */ = {isa = PBXBuildFile; fileRef = F2350AFA1C7ADA6800D6E18E /* Monster.swift */; };
		F2350AFD1C7ADAFA00D6E18E /* Monsters.json in Resources */ = {isa = PBXBuildFile; fileRef = F2350AFC1C7ADAFA00D6E18E /* Monsters.json */; };
		F2350AFE1C7ADB5900D6E18E /* Monsters.json in Resources */ = {isa = PBXBuildFile; fileRef = F2350AFC1C7ADAFA00D6E18E /* Monsters.json */; };
		F2350AFF1C7ADB9B00D6E18E /* Monster.swift in Sources */ = {isa = PBXBuildFile; fileRef = F2350AFA1C7ADA6800D6E18E /* Monster.swift */; };
		F2350B011C7BCAF200D6E18E /* HeroBuilder.swift in Sources */ = {isa = PBXBuildFile; fileRef = F2350B001C7BCAF200D6E18E /* HeroBuilder.swift */; };
		F2350B041C7BCEBC00D6E18E /* HeroList.storyboard in Resources */ = {isa = PBXBuildFile; fileRef = F2350B031C7BCEBC00D6E18E /* HeroList.storyboard */; };
		F2350B061C7BCEE800D6E18E /* HeroListViewController.swift in Sources */ = {isa = PBXBuildFile; fileRef = F2350B051C7BCEE800D6E18E /* HeroListViewController.swift */; };
		F2350B081C7BCF2B00D6E18E /* ListDataSource.swift in Sources */ = {isa = PBXBuildFile; fileRef = F2350B071C7BCF2B00D6E18E /* ListDataSource.swift */; };
		F2350B0A1C7BD0EE00D6E18E /* Reusable.swift in Sources */ = {isa = PBXBuildFile; fileRef = F2350B091C7BD0EE00D6E18E /* Reusable.swift */; };
		F2350B0C1C7BE3A900D6E18E /* LeftImageCell.xib in Resources */ = {isa = PBXBuildFile; fileRef = F2350B0B1C7BE3A900D6E18E /* LeftImageCell.xib */; };
		F2350B0E1C7BE76700D6E18E /* LeftImageCell.swift in Sources */ = {isa = PBXBuildFile; fileRef = F2350B0D1C7BE76700D6E18E /* LeftImageCell.swift */; };
		F2350B7E1C7C187100D6E18E /* ViewInstantiation.swift in Sources */ = {isa = PBXBuildFile; fileRef = F2350B7D1C7C187100D6E18E /* ViewInstantiation.swift */; };
		F2350B7F1C7C187100D6E18E /* ViewInstantiation.swift in Sources */ = {isa = PBXBuildFile; fileRef = F2350B7D1C7C187100D6E18E /* ViewInstantiation.swift */; };
		F2350B801C7C187100D6E18E /* ViewInstantiation.swift in Sources */ = {isa = PBXBuildFile; fileRef = F2350B7D1C7C187100D6E18E /* ViewInstantiation.swift */; };
		F2350B821C7D3F2500D6E18E /* Displayable.swift in Sources */ = {isa = PBXBuildFile; fileRef = F2350B811C7D3F2500D6E18E /* Displayable.swift */; };
		F2350B841C7D59DE00D6E18E /* DismissSegue.swift in Sources */ = {isa = PBXBuildFile; fileRef = F2350B831C7D59DE00D6E18E /* DismissSegue.swift */; };
/* End PBXBuildFile section */

/* Begin PBXContainerItemProxy section */
		F21ECDCD1C7A516B008041E9 /* PBXContainerItemProxy */ = {
			isa = PBXContainerItemProxy;
			containerPortal = F21ECDB01C7A516B008041E9 /* Project object */;
			proxyType = 1;
			remoteGlobalIDString = F21ECDB71C7A516B008041E9;
			remoteInfo = "Dark Days";
		};
		F21ECDD81C7A516B008041E9 /* PBXContainerItemProxy */ = {
			isa = PBXContainerItemProxy;
			containerPortal = F21ECDB01C7A516B008041E9 /* Project object */;
			proxyType = 1;
			remoteGlobalIDString = F21ECDB71C7A516B008041E9;
			remoteInfo = "Dark Days";
		};
/* End PBXContainerItemProxy section */

/* Begin PBXCopyFilesBuildPhase section */
		F2350B241C7C10E400D6E18E /* Embed Frameworks */ = {
			isa = PBXCopyFilesBuildPhase;
			buildActionMask = 2147483647;
			dstPath = "";
			dstSubfolderSpec = 10;
			files = (
			);
			name = "Embed Frameworks";
			runOnlyForDeploymentPostprocessing = 0;
		};
/* End PBXCopyFilesBuildPhase section */

/* Begin PBXFileReference section */
		2192061302A0CAD9080A4CAE /* Pods.framework */ = {isa = PBXFileReference; explicitFileType = wrapper.framework; includeInIndex = 0; path = Pods.framework; sourceTree = BUILT_PRODUCTS_DIR; };
		AF5EACA02CF05E8972D615FA /* Pods.release.xcconfig */ = {isa = PBXFileReference; includeInIndex = 1; lastKnownFileType = text.xcconfig; name = Pods.release.xcconfig; path = "Pods/Target Support Files/Pods/Pods.release.xcconfig"; sourceTree = "<group>"; };
		C30460B11C7E101500A7DB63 /* ChildControllerExtension.swift */ = {isa = PBXFileReference; fileEncoding = 4; lastKnownFileType = sourcecode.swift; path = ChildControllerExtension.swift; sourceTree = "<group>"; };
		C30460B31C7E1F6000A7DB63 /* StatListViewController.swift */ = {isa = PBXFileReference; fileEncoding = 4; lastKnownFileType = sourcecode.swift; path = StatListViewController.swift; sourceTree = "<group>"; };
		C30460B61C7E1F8200A7DB63 /* ListViewController.swift */ = {isa = PBXFileReference; fileEncoding = 4; lastKnownFileType = sourcecode.swift; path = ListViewController.swift; sourceTree = "<group>"; };
		C39405901C7CAE7900EBFD07 /* InfoCell.xib */ = {isa = PBXFileReference; fileEncoding = 4; lastKnownFileType = file.xib; path = InfoCell.xib; sourceTree = "<group>"; };
		C39405921C7CAF2900EBFD07 /* InfoCell.swift */ = {isa = PBXFileReference; fileEncoding = 4; lastKnownFileType = sourcecode.swift; path = InfoCell.swift; sourceTree = "<group>"; };
		C39405951C7CB10D00EBFD07 /* ColorExtension.swift */ = {isa = PBXFileReference; fileEncoding = 4; lastKnownFileType = sourcecode.swift; path = ColorExtension.swift; sourceTree = "<group>"; };
		C39405971C7CB16900EBFD07 /* FontExtension.swift */ = {isa = PBXFileReference; fileEncoding = 4; lastKnownFileType = sourcecode.swift; path = FontExtension.swift; sourceTree = "<group>"; };
		C394059E1C7CB69F00EBFD07 /* Root.storyboard */ = {isa = PBXFileReference; fileEncoding = 4; lastKnownFileType = file.storyboard; path = Root.storyboard; sourceTree = "<group>"; };
		C3AB8F3E1C7CF5B2007CE0BA /* HeroPersistence.swift */ = {isa = PBXFileReference; fileEncoding = 4; lastKnownFileType = sourcecode.swift; path = HeroPersistence.swift; sourceTree = "<group>"; };
		C3AB8F461C7CF992007CE0BA /* HeroPersistenceTests.swift */ = {isa = PBXFileReference; fileEncoding = 4; lastKnownFileType = sourcecode.swift; path = HeroPersistenceTests.swift; sourceTree = "<group>"; };
		C3AB8F481C7CF9B3007CE0BA /* TestHero.swift */ = {isa = PBXFileReference; fileEncoding = 4; lastKnownFileType = sourcecode.swift; path = TestHero.swift; sourceTree = "<group>"; };
		C3AB8F4B1C7D0745007CE0BA /* HeroCreationViewController.swift */ = {isa = PBXFileReference; fileEncoding = 4; lastKnownFileType = sourcecode.swift; path = HeroCreationViewController.swift; sourceTree = "<group>"; };
		C3AB8F4D1C7D0753007CE0BA /* HeroCreation.storyboard */ = {isa = PBXFileReference; fileEncoding = 4; lastKnownFileType = file.storyboard; path = HeroCreation.storyboard; sourceTree = "<group>"; };
		C3AB8F541C7D0D65007CE0BA /* TableViewExtension.swift */ = {isa = PBXFileReference; fileEncoding = 4; lastKnownFileType = sourcecode.swift; path = TableViewExtension.swift; sourceTree = "<group>"; };
		C3AB8F571C7DF857007CE0BA /* SkillsListViewController.swift */ = {isa = PBXFileReference; fileEncoding = 4; lastKnownFileType = sourcecode.swift; path = SkillsListViewController.swift; sourceTree = "<group>"; };
		C3AB8F591C7DFC99007CE0BA /* AttributedStringExtension.swift */ = {isa = PBXFileReference; fileEncoding = 4; lastKnownFileType = sourcecode.swift; path = AttributedStringExtension.swift; sourceTree = "<group>"; };
		E2ECBEDBB5B255105B4C8752 /* Pods.debug.xcconfig */ = {isa = PBXFileReference; includeInIndex = 1; lastKnownFileType = text.xcconfig; name = Pods.debug.xcconfig; path = "Pods/Target Support Files/Pods/Pods.debug.xcconfig"; sourceTree = "<group>"; };
		F21ECDB81C7A516B008041E9 /* Dark Days.app */ = {isa = PBXFileReference; explicitFileType = wrapper.application; includeInIndex = 0; path = "Dark Days.app"; sourceTree = BUILT_PRODUCTS_DIR; };
		F21ECDBB1C7A516B008041E9 /* AppDelegate.swift */ = {isa = PBXFileReference; lastKnownFileType = sourcecode.swift; path = AppDelegate.swift; sourceTree = "<group>"; };
		F21ECDC21C7A516B008041E9 /* Assets.xcassets */ = {isa = PBXFileReference; lastKnownFileType = folder.assetcatalog; path = Assets.xcassets; sourceTree = "<group>"; };
		F21ECDC51C7A516B008041E9 /* Base */ = {isa = PBXFileReference; lastKnownFileType = file.storyboard; name = Base; path = Base.lproj/LaunchScreen.storyboard; sourceTree = "<group>"; };
		F21ECDC71C7A516B008041E9 /* Info.plist */ = {isa = PBXFileReference; lastKnownFileType = text.plist.xml; path = Info.plist; sourceTree = "<group>"; };
		F21ECDCC1C7A516B008041E9 /* Dark DaysTests.xctest */ = {isa = PBXFileReference; explicitFileType = wrapper.cfbundle; includeInIndex = 0; path = "Dark DaysTests.xctest"; sourceTree = BUILT_PRODUCTS_DIR; };
		F21ECDD21C7A516B008041E9 /* Info.plist */ = {isa = PBXFileReference; lastKnownFileType = text.plist.xml; path = Info.plist; sourceTree = "<group>"; };
		F21ECDD71C7A516B008041E9 /* Dark DaysUITests.xctest */ = {isa = PBXFileReference; explicitFileType = wrapper.cfbundle; includeInIndex = 0; path = "Dark DaysUITests.xctest"; sourceTree = BUILT_PRODUCTS_DIR; };
		F21ECDDB1C7A516B008041E9 /* Dark_DaysUITests.swift */ = {isa = PBXFileReference; lastKnownFileType = sourcecode.swift; path = Dark_DaysUITests.swift; sourceTree = "<group>"; };
		F21ECDDD1C7A516B008041E9 /* Info.plist */ = {isa = PBXFileReference; lastKnownFileType = text.plist.xml; path = Info.plist; sourceTree = "<group>"; };
		F21ECDF51C7A5777008041E9 /* God.swift */ = {isa = PBXFileReference; fileEncoding = 4; lastKnownFileType = sourcecode.swift; path = God.swift; sourceTree = "<group>"; };
		F21ECDF91C7A580C008041E9 /* ObjectProvider.swift */ = {isa = PBXFileReference; fileEncoding = 4; lastKnownFileType = sourcecode.swift; path = ObjectProvider.swift; sourceTree = "<group>"; };
		F21ECDFD1C7A5CD5008041E9 /* ObjectProviderTests.swift */ = {isa = PBXFileReference; fileEncoding = 4; lastKnownFileType = sourcecode.swift; path = ObjectProviderTests.swift; sourceTree = "<group>"; };
		F21ECE061C7A5F1B008041E9 /* ObjectProviderTestJSONArray.json */ = {isa = PBXFileReference; fileEncoding = 4; lastKnownFileType = text.json; path = ObjectProviderTestJSONArray.json; sourceTree = "<group>"; };
		F21ECE071C7A5F1C008041E9 /* ObjectProviderTestJSONDictionary.json */ = {isa = PBXFileReference; fileEncoding = 4; lastKnownFileType = text.json; path = ObjectProviderTestJSONDictionary.json; sourceTree = "<group>"; };
		F21ECE0F1C7A5F8A008041E9 /* Stat.swift */ = {isa = PBXFileReference; fileEncoding = 4; lastKnownFileType = sourcecode.swift; path = Stat.swift; sourceTree = "<group>"; };
		F21ECE171C7A65F1008041E9 /* Race.swift */ = {isa = PBXFileReference; fileEncoding = 4; lastKnownFileType = sourcecode.swift; path = Race.swift; sourceTree = "<group>"; };
		F21ECE1B1C7A662E008041E9 /* Gods.json */ = {isa = PBXFileReference; fileEncoding = 4; lastKnownFileType = text.json; name = Gods.json; path = "World Data/Gods.json"; sourceTree = "<group>"; };
		F21ECE1F1C7A6634008041E9 /* Races.json */ = {isa = PBXFileReference; fileEncoding = 4; lastKnownFileType = text.json; name = Races.json; path = "World Data/Races.json"; sourceTree = "<group>"; };
		F21ECE201C7A6634008041E9 /* Stats.json */ = {isa = PBXFileReference; fileEncoding = 4; lastKnownFileType = text.json; name = Stats.json; path = "World Data/Stats.json"; sourceTree = "<group>"; };
		F21ECE2B1C7A6B05008041E9 /* Skills.json */ = {isa = PBXFileReference; fileEncoding = 4; lastKnownFileType = text.json; name = Skills.json; path = "World Data/Skills.json"; sourceTree = "<group>"; };
		F21ECE2F1C7A6C7F008041E9 /* Skill.swift */ = {isa = PBXFileReference; fileEncoding = 4; lastKnownFileType = sourcecode.swift; path = Skill.swift; sourceTree = "<group>"; };
		F21ECE331C7A6CD0008041E9 /* Items.json */ = {isa = PBXFileReference; fileEncoding = 4; lastKnownFileType = text.json; name = Items.json; path = "World Data/Items.json"; sourceTree = "<group>"; };
		F21ECE371C7A7254008041E9 /* Item.swift */ = {isa = PBXFileReference; fileEncoding = 4; lastKnownFileType = sourcecode.swift; path = Item.swift; sourceTree = "<group>"; };
		F21ECE3C1C7A75F7008041E9 /* Floors.json */ = {isa = PBXFileReference; fileEncoding = 4; lastKnownFileType = text.json; name = Floors.json; path = "World Data/Floors.json"; sourceTree = "<group>"; };
		F21ECE401C7A7B94008041E9 /* Floor.swift */ = {isa = PBXFileReference; fileEncoding = 4; lastKnownFileType = sourcecode.swift; path = Floor.swift; sourceTree = "<group>"; };
		F21ECE451C7A7C90008041E9 /* Hero.swift */ = {isa = PBXFileReference; fileEncoding = 4; lastKnownFileType = sourcecode.swift; path = Hero.swift; sourceTree = "<group>"; };
		F21ECE4A1C7A7C9D008041E9 /* Inventory.swift */ = {isa = PBXFileReference; fileEncoding = 4; lastKnownFileType = sourcecode.swift; path = Inventory.swift; sourceTree = "<group>"; };
		F21ECE4E1C7A7E0E008041E9 /* Nameable.swift */ = {isa = PBXFileReference; fileEncoding = 4; lastKnownFileType = sourcecode.swift; path = Nameable.swift; sourceTree = "<group>"; };
		F21ECE7A1C7A9D67008041E9 /* Coding.swift */ = {isa = PBXFileReference; fileEncoding = 4; lastKnownFileType = sourcecode.swift; path = Coding.swift; sourceTree = "<group>"; };
		F2350AF21C7AAD4800D6E18E /* InventoryPersistenceTests.swift */ = {isa = PBXFileReference; fileEncoding = 4; lastKnownFileType = sourcecode.swift; path = InventoryPersistenceTests.swift; sourceTree = "<group>"; };
		F2350AF51C7AD51000D6E18E /* ItemCodingTests.swift */ = {isa = PBXFileReference; fileEncoding = 4; lastKnownFileType = sourcecode.swift; path = ItemCodingTests.swift; sourceTree = "<group>"; };
		F2350AF71C7AD60700D6E18E /* HeroCodingTests.swift */ = {isa = PBXFileReference; fileEncoding = 4; lastKnownFileType = sourcecode.swift; path = HeroCodingTests.swift; sourceTree = "<group>"; };
		F2350AFA1C7ADA6800D6E18E /* Monster.swift */ = {isa = PBXFileReference; fileEncoding = 4; lastKnownFileType = sourcecode.swift; path = Monster.swift; sourceTree = "<group>"; };
		F2350AFC1C7ADAFA00D6E18E /* Monsters.json */ = {isa = PBXFileReference; fileEncoding = 4; lastKnownFileType = text.json; name = Monsters.json; path = "World Data/Monsters.json"; sourceTree = "<group>"; };
		F2350B001C7BCAF200D6E18E /* HeroBuilder.swift */ = {isa = PBXFileReference; fileEncoding = 4; lastKnownFileType = sourcecode.swift; path = HeroBuilder.swift; sourceTree = "<group>"; };
		F2350B031C7BCEBC00D6E18E /* HeroList.storyboard */ = {isa = PBXFileReference; fileEncoding = 4; lastKnownFileType = file.storyboard; path = HeroList.storyboard; sourceTree = "<group>"; };
		F2350B051C7BCEE800D6E18E /* HeroListViewController.swift */ = {isa = PBXFileReference; fileEncoding = 4; lastKnownFileType = sourcecode.swift; path = HeroListViewController.swift; sourceTree = "<group>"; };
		F2350B071C7BCF2B00D6E18E /* ListDataSource.swift */ = {isa = PBXFileReference; fileEncoding = 4; lastKnownFileType = sourcecode.swift; path = ListDataSource.swift; sourceTree = "<group>"; };
		F2350B091C7BD0EE00D6E18E /* Reusable.swift */ = {isa = PBXFileReference; fileEncoding = 4; lastKnownFileType = sourcecode.swift; path = Reusable.swift; sourceTree = "<group>"; };
		F2350B0B1C7BE3A900D6E18E /* LeftImageCell.xib */ = {isa = PBXFileReference; fileEncoding = 4; lastKnownFileType = file.xib; path = LeftImageCell.xib; sourceTree = "<group>"; };
		F2350B0D1C7BE76700D6E18E /* LeftImageCell.swift */ = {isa = PBXFileReference; fileEncoding = 4; lastKnownFileType = sourcecode.swift; path = LeftImageCell.swift; sourceTree = "<group>"; };
		F2350B7D1C7C187100D6E18E /* ViewInstantiation.swift */ = {isa = PBXFileReference; fileEncoding = 4; lastKnownFileType = sourcecode.swift; path = ViewInstantiation.swift; sourceTree = "<group>"; };
		F2350B811C7D3F2500D6E18E /* Displayable.swift */ = {isa = PBXFileReference; fileEncoding = 4; lastKnownFileType = sourcecode.swift; path = Displayable.swift; sourceTree = "<group>"; };
		F2350B831C7D59DE00D6E18E /* DismissSegue.swift */ = {isa = PBXFileReference; fileEncoding = 4; lastKnownFileType = sourcecode.swift; path = DismissSegue.swift; sourceTree = "<group>"; };
/* End PBXFileReference section */

/* Begin PBXFrameworksBuildPhase section */
		F21ECDB51C7A516B008041E9 /* Frameworks */ = {
			isa = PBXFrameworksBuildPhase;
			buildActionMask = 2147483647;
			files = (
				BB83BDA861134F93338DBEFF /* Pods.framework in Frameworks */,
			);
			runOnlyForDeploymentPostprocessing = 0;
		};
		F21ECDC91C7A516B008041E9 /* Frameworks */ = {
			isa = PBXFrameworksBuildPhase;
			buildActionMask = 2147483647;
			files = (
			);
			runOnlyForDeploymentPostprocessing = 0;
		};
		F21ECDD41C7A516B008041E9 /* Frameworks */ = {
			isa = PBXFrameworksBuildPhase;
			buildActionMask = 2147483647;
			files = (
			);
			runOnlyForDeploymentPostprocessing = 0;
		};
/* End PBXFrameworksBuildPhase section */

/* Begin PBXGroup section */
		0AA39A6022C0E5ED665DD3C1 /* Frameworks */ = {
			isa = PBXGroup;
			children = (
				2192061302A0CAD9080A4CAE /* Pods.framework */,
			);
			name = Frameworks;
			sourceTree = "<group>";
		};
		84E799EDE252FC176C767087 /* Pods */ = {
			isa = PBXGroup;
			children = (
				E2ECBEDBB5B255105B4C8752 /* Pods.debug.xcconfig */,
				AF5EACA02CF05E8972D615FA /* Pods.release.xcconfig */,
			);
			name = Pods;
			sourceTree = "<group>";
		};
		C30460B51C7E1F6600A7DB63 /* Stats */ = {
			isa = PBXGroup;
			children = (
				C30460B31C7E1F6000A7DB63 /* StatListViewController.swift */,
			);
			name = Stats;
			sourceTree = "<group>";
		};
		C394058D1C7CAE2B00EBFD07 /* Support */ = {
			isa = PBXGroup;
			children = (
				F21ECDC21C7A516B008041E9 /* Assets.xcassets */,
				F21ECDC41C7A516B008041E9 /* LaunchScreen.storyboard */,
				F21ECDC71C7A516B008041E9 /* Info.plist */,
			);
			name = Support;
			sourceTree = "<group>";
		};
		C394058E1C7CAE3B00EBFD07 /* Table View Extension */ = {
			isa = PBXGroup;
			children = (
				F2350B091C7BD0EE00D6E18E /* Reusable.swift */,
				F2350B071C7BCF2B00D6E18E /* ListDataSource.swift */,
			);
			name = "Table View Extension";
			sourceTree = "<group>";
		};
		C394058F1C7CAE5F00EBFD07 /* Info Cell */ = {
			isa = PBXGroup;
			children = (
				C39405901C7CAE7900EBFD07 /* InfoCell.xib */,
				C39405921C7CAF2900EBFD07 /* InfoCell.swift */,
			);
			name = "Info Cell";
			sourceTree = "<group>";
		};
		C39405941C7CB10100EBFD07 /* UI Customization */ = {
			isa = PBXGroup;
			children = (
				C39405951C7CB10D00EBFD07 /* ColorExtension.swift */,
				C39405971C7CB16900EBFD07 /* FontExtension.swift */,
				C3AB8F541C7D0D65007CE0BA /* TableViewExtension.swift */,
				F2350B831C7D59DE00D6E18E /* DismissSegue.swift */,
				C30460B11C7E101500A7DB63 /* ChildControllerExtension.swift */,
			);
			name = "UI Customization";
			sourceTree = "<group>";
		};
		C394059D1C7CB68500EBFD07 /* Root */ = {
			isa = PBXGroup;
			children = (
				C394059E1C7CB69F00EBFD07 /* Root.storyboard */,
			);
			name = Root;
			sourceTree = "<group>";
		};
		C3AB8F3B1C7CF3F2007CE0BA /* View Controller */ = {
			isa = PBXGroup;
			children = (
				C30460B61C7E1F8200A7DB63 /* ListViewController.swift */,
				C30460B51C7E1F6600A7DB63 /* Stats */,
				C394059D1C7CB68500EBFD07 /* Root */,
				C3AB8F3D1C7CF407007CE0BA /* Item */,
				C3AB8F3C1C7CF403007CE0BA /* Hero */,
				C3AB8F561C7DF817007CE0BA /* Skills */,
			);
			name = "View Controller";
			sourceTree = "<group>";
		};
		C3AB8F3C1C7CF403007CE0BA /* Hero */ = {
			isa = PBXGroup;
			children = (
				F2350B031C7BCEBC00D6E18E /* HeroList.storyboard */,
				F2350B051C7BCEE800D6E18E /* HeroListViewController.swift */,
				C3AB8F4D1C7D0753007CE0BA /* HeroCreation.storyboard */,
				C3AB8F4B1C7D0745007CE0BA /* HeroCreationViewController.swift */,
			);
			name = Hero;
			sourceTree = "<group>";
		};
		C3AB8F3D1C7CF407007CE0BA /* Item */ = {
			isa = PBXGroup;
			children = (
			);
			name = Item;
			sourceTree = "<group>";
		};
		C3AB8F561C7DF817007CE0BA /* Skills */ = {
			isa = PBXGroup;
			children = (
				C3AB8F571C7DF857007CE0BA /* SkillsListViewController.swift */,
			);
			name = Skills;
			sourceTree = "<group>";
		};
		F21ECDAF1C7A516B008041E9 = {
			isa = PBXGroup;
			children = (
				F21ECDBA1C7A516B008041E9 /* Dark Days */,
				F21ECDCF1C7A516B008041E9 /* Dark DaysTests */,
				F21ECDDA1C7A516B008041E9 /* Dark DaysUITests */,
				F21ECDB91C7A516B008041E9 /* Products */,
				84E799EDE252FC176C767087 /* Pods */,
				0AA39A6022C0E5ED665DD3C1 /* Frameworks */,
			);
			sourceTree = "<group>";
		};
		F21ECDB91C7A516B008041E9 /* Products */ = {
			isa = PBXGroup;
			children = (
				F21ECDB81C7A516B008041E9 /* Dark Days.app */,
				F21ECDCC1C7A516B008041E9 /* Dark DaysTests.xctest */,
				F21ECDD71C7A516B008041E9 /* Dark DaysUITests.xctest */,
			);
			name = Products;
			sourceTree = "<group>";
		};
		F21ECDBA1C7A516B008041E9 /* Dark Days */ = {
			isa = PBXGroup;
			children = (
				C39405941C7CB10100EBFD07 /* UI Customization */,
				C394058E1C7CAE3B00EBFD07 /* Table View Extension */,
				C394058D1C7CAE2B00EBFD07 /* Support */,
				C3AB8F3B1C7CF3F2007CE0BA /* View Controller */,
				F2350B021C7BCEA700D6E18E /* View */,
				F2350AF11C7AAD0000D6E18E /* Persistence */,
				F21ECDEF1C7A5341008041E9 /* World */,
				F21ECE0E1C7A5F7E008041E9 /* Character */,
				F2350B7D1C7C187100D6E18E /* ViewInstantiation.swift */,
				F21ECDF91C7A580C008041E9 /* ObjectProvider.swift */,
				F21ECE4E1C7A7E0E008041E9 /* Nameable.swift */,
				F2350B811C7D3F2500D6E18E /* Displayable.swift */,
				F21ECDBB1C7A516B008041E9 /* AppDelegate.swift */,
				C3AB8F591C7DFC99007CE0BA /* AttributedStringExtension.swift */,
			);
			path = "Dark Days";
			sourceTree = "<group>";
		};
		F21ECDCF1C7A516B008041E9 /* Dark DaysTests */ = {
			isa = PBXGroup;
			children = (
				F21ECDD21C7A516B008041E9 /* Info.plist */,
				F21ECE061C7A5F1B008041E9 /* ObjectProviderTestJSONArray.json */,
				F21ECE071C7A5F1C008041E9 /* ObjectProviderTestJSONDictionary.json */,
				F21ECDFD1C7A5CD5008041E9 /* ObjectProviderTests.swift */,
				F2350AF21C7AAD4800D6E18E /* InventoryPersistenceTests.swift */,
				F2350AF51C7AD51000D6E18E /* ItemCodingTests.swift */,
				F2350AF71C7AD60700D6E18E /* HeroCodingTests.swift */,
				C3AB8F481C7CF9B3007CE0BA /* TestHero.swift */,
				C3AB8F461C7CF992007CE0BA /* HeroPersistenceTests.swift */,
			);
			path = "Dark DaysTests";
			sourceTree = "<group>";
		};
		F21ECDDA1C7A516B008041E9 /* Dark DaysUITests */ = {
			isa = PBXGroup;
			children = (
				F21ECDDB1C7A516B008041E9 /* Dark_DaysUITests.swift */,
				F21ECDDD1C7A516B008041E9 /* Info.plist */,
			);
			path = "Dark DaysUITests";
			sourceTree = "<group>";
		};
		F21ECDEF1C7A5341008041E9 /* World */ = {
			isa = PBXGroup;
			children = (
				F21ECE291C7A6AE8008041E9 /* Items */,
				F21ECE2A1C7A6AEC008041E9 /* Skills */,
				F2350AF91C7ADA5600D6E18E /* Monsters */,
				F21ECE3B1C7A75E9008041E9 /* Floors */,
				F21ECDF01C7A537D008041E9 /* Gods */,
			);
			name = World;
			sourceTree = "<group>";
		};
		F21ECDF01C7A537D008041E9 /* Gods */ = {
			isa = PBXGroup;
			children = (
				F21ECE1B1C7A662E008041E9 /* Gods.json */,
				F21ECDF51C7A5777008041E9 /* God.swift */,
			);
			name = Gods;
			sourceTree = "<group>";
		};
		F21ECE0E1C7A5F7E008041E9 /* Character */ = {
			isa = PBXGroup;
			children = (
				F21ECE491C7A7C95008041E9 /* Inventory */,
				F21ECE441C7A7C7C008041E9 /* Hero */,
				F21ECE281C7A6AB8008041E9 /* Stats */,
				F21ECE271C7A6AB1008041E9 /* Race */,
			);
			name = Character;
			sourceTree = "<group>";
		};
		F21ECE271C7A6AB1008041E9 /* Race */ = {
			isa = PBXGroup;
			children = (
				F21ECE1F1C7A6634008041E9 /* Races.json */,
				F21ECE171C7A65F1008041E9 /* Race.swift */,
			);
			name = Race;
			sourceTree = "<group>";
		};
		F21ECE281C7A6AB8008041E9 /* Stats */ = {
			isa = PBXGroup;
			children = (
				F21ECE201C7A6634008041E9 /* Stats.json */,
				F21ECE0F1C7A5F8A008041E9 /* Stat.swift */,
			);
			name = Stats;
			sourceTree = "<group>";
		};
		F21ECE291C7A6AE8008041E9 /* Items */ = {
			isa = PBXGroup;
			children = (
				F21ECE331C7A6CD0008041E9 /* Items.json */,
				F21ECE371C7A7254008041E9 /* Item.swift */,
			);
			name = Items;
			sourceTree = "<group>";
		};
		F21ECE2A1C7A6AEC008041E9 /* Skills */ = {
			isa = PBXGroup;
			children = (
				F21ECE2B1C7A6B05008041E9 /* Skills.json */,
				F21ECE2F1C7A6C7F008041E9 /* Skill.swift */,
			);
			name = Skills;
			sourceTree = "<group>";
		};
		F21ECE3B1C7A75E9008041E9 /* Floors */ = {
			isa = PBXGroup;
			children = (
				F21ECE3C1C7A75F7008041E9 /* Floors.json */,
				F21ECE401C7A7B94008041E9 /* Floor.swift */,
			);
			name = Floors;
			sourceTree = "<group>";
		};
		F21ECE441C7A7C7C008041E9 /* Hero */ = {
			isa = PBXGroup;
			children = (
				F21ECE451C7A7C90008041E9 /* Hero.swift */,
				F2350B001C7BCAF200D6E18E /* HeroBuilder.swift */,
			);
			name = Hero;
			sourceTree = "<group>";
		};
		F21ECE491C7A7C95008041E9 /* Inventory */ = {
			isa = PBXGroup;
			children = (
				F21ECE4A1C7A7C9D008041E9 /* Inventory.swift */,
			);
			name = Inventory;
			sourceTree = "<group>";
		};
		F2350AF11C7AAD0000D6E18E /* Persistence */ = {
			isa = PBXGroup;
			children = (
				F21ECE7A1C7A9D67008041E9 /* Coding.swift */,
				C3AB8F3E1C7CF5B2007CE0BA /* HeroPersistence.swift */,
			);
			name = Persistence;
			sourceTree = "<group>";
		};
		F2350AF91C7ADA5600D6E18E /* Monsters */ = {
			isa = PBXGroup;
			children = (
				F2350AFC1C7ADAFA00D6E18E /* Monsters.json */,
				F2350AFA1C7ADA6800D6E18E /* Monster.swift */,
			);
			name = Monsters;
			sourceTree = "<group>";
		};
		F2350B021C7BCEA700D6E18E /* View */ = {
			isa = PBXGroup;
			children = (
				C394058F1C7CAE5F00EBFD07 /* Info Cell */,
				F2350B0F1C7BE7D800D6E18E /* Left Image Cell */,
			);
			name = View;
			sourceTree = "<group>";
		};
		F2350B0F1C7BE7D800D6E18E /* Left Image Cell */ = {
			isa = PBXGroup;
			children = (
				F2350B0B1C7BE3A900D6E18E /* LeftImageCell.xib */,
				F2350B0D1C7BE76700D6E18E /* LeftImageCell.swift */,
			);
			name = "Left Image Cell";
			sourceTree = "<group>";
		};
/* End PBXGroup section */

/* Begin PBXNativeTarget section */
		F21ECDB71C7A516B008041E9 /* Dark Days */ = {
			isa = PBXNativeTarget;
			buildConfigurationList = F21ECDE01C7A516B008041E9 /* Build configuration list for PBXNativeTarget "Dark Days" */;
			buildPhases = (
				0CA5C1C7BFB3A0626FCCDC13 /* Check Pods Manifest.lock */,
				F21ECDB41C7A516B008041E9 /* Sources */,
				F21ECDB51C7A516B008041E9 /* Frameworks */,
				F21ECDB61C7A516B008041E9 /* Resources */,
				F2350B241C7C10E400D6E18E /* Embed Frameworks */,
				23FE5ABCF5F5E21ED390C3F3 /* Embed Pods Frameworks */,
				542C8716EE993FFFF5BE1F31 /* Copy Pods Resources */,
			);
			buildRules = (
			);
			dependencies = (
			);
			name = "Dark Days";
			productName = "Dark Days";
			productReference = F21ECDB81C7A516B008041E9 /* Dark Days.app */;
			productType = "com.apple.product-type.application";
		};
		F21ECDCB1C7A516B008041E9 /* Dark DaysTests */ = {
			isa = PBXNativeTarget;
			buildConfigurationList = F21ECDE31C7A516B008041E9 /* Build configuration list for PBXNativeTarget "Dark DaysTests" */;
			buildPhases = (
				F21ECDC81C7A516B008041E9 /* Sources */,
				F21ECDC91C7A516B008041E9 /* Frameworks */,
				F21ECDCA1C7A516B008041E9 /* Resources */,
			);
			buildRules = (
			);
			dependencies = (
				F21ECDCE1C7A516B008041E9 /* PBXTargetDependency */,
			);
			name = "Dark DaysTests";
			productName = "Dark DaysTests";
			productReference = F21ECDCC1C7A516B008041E9 /* Dark DaysTests.xctest */;
			productType = "com.apple.product-type.bundle.unit-test";
		};
		F21ECDD61C7A516B008041E9 /* Dark DaysUITests */ = {
			isa = PBXNativeTarget;
			buildConfigurationList = F21ECDE61C7A516B008041E9 /* Build configuration list for PBXNativeTarget "Dark DaysUITests" */;
			buildPhases = (
				F21ECDD31C7A516B008041E9 /* Sources */,
				F21ECDD41C7A516B008041E9 /* Frameworks */,
				F21ECDD51C7A516B008041E9 /* Resources */,
			);
			buildRules = (
			);
			dependencies = (
				F21ECDD91C7A516B008041E9 /* PBXTargetDependency */,
			);
			name = "Dark DaysUITests";
			productName = "Dark DaysUITests";
			productReference = F21ECDD71C7A516B008041E9 /* Dark DaysUITests.xctest */;
			productType = "com.apple.product-type.bundle.ui-testing";
		};
/* End PBXNativeTarget section */

/* Begin PBXProject section */
		F21ECDB01C7A516B008041E9 /* Project object */ = {
			isa = PBXProject;
			attributes = {
				LastSwiftUpdateCheck = 0720;
				LastUpgradeCheck = 0720;
				ORGANIZATIONNAME = Lickability;
				TargetAttributes = {
					F21ECDB71C7A516B008041E9 = {
						CreatedOnToolsVersion = 7.2.1;
					};
					F21ECDCB1C7A516B008041E9 = {
						CreatedOnToolsVersion = 7.2.1;
						TestTargetID = F21ECDB71C7A516B008041E9;
					};
					F21ECDD61C7A516B008041E9 = {
						CreatedOnToolsVersion = 7.2.1;
						TestTargetID = F21ECDB71C7A516B008041E9;
					};
				};
			};
			buildConfigurationList = F21ECDB31C7A516B008041E9 /* Build configuration list for PBXProject "Dark Days" */;
			compatibilityVersion = "Xcode 3.2";
			developmentRegion = English;
			hasScannedForEncodings = 0;
			knownRegions = (
				en,
				Base,
			);
			mainGroup = F21ECDAF1C7A516B008041E9;
			productRefGroup = F21ECDB91C7A516B008041E9 /* Products */;
			projectDirPath = "";
			projectRoot = "";
			targets = (
				F21ECDB71C7A516B008041E9 /* Dark Days */,
				F21ECDCB1C7A516B008041E9 /* Dark DaysTests */,
				F21ECDD61C7A516B008041E9 /* Dark DaysUITests */,
			);
		};
/* End PBXProject section */

/* Begin PBXResourcesBuildPhase section */
		F21ECDB61C7A516B008041E9 /* Resources */ = {
			isa = PBXResourcesBuildPhase;
			buildActionMask = 2147483647;
			files = (
				C394059F1C7CB69F00EBFD07 /* Root.storyboard in Resources */,
				F21ECE341C7A6CD0008041E9 /* Items.json in Resources */,
				F21ECDC61C7A516B008041E9 /* LaunchScreen.storyboard in Resources */,
				F21ECE241C7A6634008041E9 /* Stats.json in Resources */,
				F2350B0C1C7BE3A900D6E18E /* LeftImageCell.xib in Resources */,
				F2350B041C7BCEBC00D6E18E /* HeroList.storyboard in Resources */,
				F21ECE211C7A6634008041E9 /* Races.json in Resources */,
				F2350AFD1C7ADAFA00D6E18E /* Monsters.json in Resources */,
				C3AB8F4E1C7D0753007CE0BA /* HeroCreation.storyboard in Resources */,
				C39405911C7CAE7900EBFD07 /* InfoCell.xib in Resources */,
				F21ECE0B1C7A5F1C008041E9 /* ObjectProviderTestJSONDictionary.json in Resources */,
				F21ECDC31C7A516B008041E9 /* Assets.xcassets in Resources */,
				F21ECE2C1C7A6B05008041E9 /* Skills.json in Resources */,
				F21ECE1C1C7A662E008041E9 /* Gods.json in Resources */,
				F21ECE3D1C7A75F7008041E9 /* Floors.json in Resources */,
				F21ECE081C7A5F1C008041E9 /* ObjectProviderTestJSONArray.json in Resources */,
			);
			runOnlyForDeploymentPostprocessing = 0;
		};
		F21ECDCA1C7A516B008041E9 /* Resources */ = {
			isa = PBXResourcesBuildPhase;
			buildActionMask = 2147483647;
			files = (
				F21ECE3E1C7A75F7008041E9 /* Floors.json in Resources */,
				F21ECE221C7A6634008041E9 /* Races.json in Resources */,
				F21ECE091C7A5F1C008041E9 /* ObjectProviderTestJSONArray.json in Resources */,
				F21ECE1D1C7A662E008041E9 /* Gods.json in Resources */,
				F21ECE2D1C7A6B05008041E9 /* Skills.json in Resources */,
				F21ECE351C7A6CD0008041E9 /* Items.json in Resources */,
				F21ECE251C7A6634008041E9 /* Stats.json in Resources */,
				F2350AFE1C7ADB5900D6E18E /* Monsters.json in Resources */,
				F21ECE0C1C7A5F1C008041E9 /* ObjectProviderTestJSONDictionary.json in Resources */,
			);
			runOnlyForDeploymentPostprocessing = 0;
		};
		F21ECDD51C7A516B008041E9 /* Resources */ = {
			isa = PBXResourcesBuildPhase;
			buildActionMask = 2147483647;
			files = (
				F21ECE3F1C7A75F7008041E9 /* Floors.json in Resources */,
				F21ECE231C7A6634008041E9 /* Races.json in Resources */,
				F21ECE0A1C7A5F1C008041E9 /* ObjectProviderTestJSONArray.json in Resources */,
				F21ECE1E1C7A662E008041E9 /* Gods.json in Resources */,
				F21ECE2E1C7A6B05008041E9 /* Skills.json in Resources */,
				F21ECE361C7A6CD0008041E9 /* Items.json in Resources */,
				F21ECE261C7A6634008041E9 /* Stats.json in Resources */,
				F21ECE0D1C7A5F1C008041E9 /* ObjectProviderTestJSONDictionary.json in Resources */,
			);
			runOnlyForDeploymentPostprocessing = 0;
		};
/* End PBXResourcesBuildPhase section */

/* Begin PBXShellScriptBuildPhase section */
		0CA5C1C7BFB3A0626FCCDC13 /* Check Pods Manifest.lock */ = {
			isa = PBXShellScriptBuildPhase;
			buildActionMask = 2147483647;
			files = (
			);
			inputPaths = (
			);
			name = "Check Pods Manifest.lock";
			outputPaths = (
			);
			runOnlyForDeploymentPostprocessing = 0;
			shellPath = /bin/sh;
			shellScript = "diff \"${PODS_ROOT}/../Podfile.lock\" \"${PODS_ROOT}/Manifest.lock\" > /dev/null\nif [[ $? != 0 ]] ; then\n    cat << EOM\nerror: The sandbox is not in sync with the Podfile.lock. Run 'pod install' or update your CocoaPods installation.\nEOM\n    exit 1\nfi\n";
			showEnvVarsInLog = 0;
		};
		23FE5ABCF5F5E21ED390C3F3 /* Embed Pods Frameworks */ = {
			isa = PBXShellScriptBuildPhase;
			buildActionMask = 2147483647;
			files = (
			);
			inputPaths = (
			);
			name = "Embed Pods Frameworks";
			outputPaths = (
			);
			runOnlyForDeploymentPostprocessing = 0;
			shellPath = /bin/sh;
			shellScript = "\"${SRCROOT}/Pods/Target Support Files/Pods/Pods-frameworks.sh\"\n";
			showEnvVarsInLog = 0;
		};
		542C8716EE993FFFF5BE1F31 /* Copy Pods Resources */ = {
			isa = PBXShellScriptBuildPhase;
			buildActionMask = 2147483647;
			files = (
			);
			inputPaths = (
			);
			name = "Copy Pods Resources";
			outputPaths = (
			);
			runOnlyForDeploymentPostprocessing = 0;
			shellPath = /bin/sh;
			shellScript = "\"${SRCROOT}/Pods/Target Support Files/Pods/Pods-resources.sh\"\n";
			showEnvVarsInLog = 0;
		};
/* End PBXShellScriptBuildPhase section */

/* Begin PBXSourcesBuildPhase section */
		F21ECDB41C7A516B008041E9 /* Sources */ = {
			isa = PBXSourcesBuildPhase;
			buildActionMask = 2147483647;
			files = (
				C30460B71C7E1F8200A7DB63 /* ListViewController.swift in Sources */,
				F21ECE411C7A7B94008041E9 /* Floor.swift in Sources */,
				F2350B0E1C7BE76700D6E18E /* LeftImageCell.swift in Sources */,
				F2350B821C7D3F2500D6E18E /* Displayable.swift in Sources */,
				F2350B7E1C7C187100D6E18E /* ViewInstantiation.swift in Sources */,
				C3AB8F551C7D0D65007CE0BA /* TableViewExtension.swift in Sources */,
				F21ECE301C7A6C7F008041E9 /* Skill.swift in Sources */,
				C3AB8F3F1C7CF5B2007CE0BA /* HeroPersistence.swift in Sources */,
				F21ECE101C7A5F8A008041E9 /* Stat.swift in Sources */,
				C3AB8F581C7DF857007CE0BA /* SkillsListViewController.swift in Sources */,
				F21ECDFA1C7A580C008041E9 /* ObjectProvider.swift in Sources */,
				F21ECE4B1C7A7C9D008041E9 /* Inventory.swift in Sources */,
				F2350AFB1C7ADA6800D6E18E /* Monster.swift in Sources */,
				C39405961C7CB10D00EBFD07 /* ColorExtension.swift in Sources */,
				F21ECE461C7A7C90008041E9 /* Hero.swift in Sources */,
				C3AB8F4C1C7D0745007CE0BA /* HeroCreationViewController.swift in Sources */,
				F21ECE381C7A7254008041E9 /* Item.swift in Sources */,
				F2350B011C7BCAF200D6E18E /* HeroBuilder.swift in Sources */,
				F2350B841C7D59DE00D6E18E /* DismissSegue.swift in Sources */,
				F21ECDF61C7A5778008041E9 /* God.swift in Sources */,
				F21ECE7B1C7A9D67008041E9 /* Coding.swift in Sources */,
				F2350B0A1C7BD0EE00D6E18E /* Reusable.swift in Sources */,
				F2350B081C7BCF2B00D6E18E /* ListDataSource.swift in Sources */,
				F2350B061C7BCEE800D6E18E /* HeroListViewController.swift in Sources */,
				C30460B41C7E1F6000A7DB63 /* StatListViewController.swift in Sources */,
				F21ECE181C7A65F1008041E9 /* Race.swift in Sources */,
				F21ECE4F1C7A7E0E008041E9 /* Nameable.swift in Sources */,
				F21ECDBC1C7A516B008041E9 /* AppDelegate.swift in Sources */,
				C39405931C7CAF2900EBFD07 /* InfoCell.swift in Sources */,
				C3AB8F5A1C7DFC99007CE0BA /* AttributedStringExtension.swift in Sources */,
				C30460B21C7E101500A7DB63 /* ChildControllerExtension.swift in Sources */,
				C39405981C7CB16900EBFD07 /* FontExtension.swift in Sources */,
			);
			runOnlyForDeploymentPostprocessing = 0;
		};
		F21ECDC81C7A516B008041E9 /* Sources */ = {
			isa = PBXSourcesBuildPhase;
			buildActionMask = 2147483647;
			files = (
				F2350AFF1C7ADB9B00D6E18E /* Monster.swift in Sources */,
				F2350AF61C7AD51000D6E18E /* ItemCodingTests.swift in Sources */,
				F21ECE421C7A7B94008041E9 /* Floor.swift in Sources */,
				C3AB8F491C7CF9B3007CE0BA /* TestHero.swift in Sources */,
				C3AB8F401C7CF5B2007CE0BA /* HeroPersistence.swift in Sources */,
				F21ECE501C7A7E0E008041E9 /* Nameable.swift in Sources */,
				F21ECDF71C7A5778008041E9 /* God.swift in Sources */,
				F21ECE4C1C7A7C9D008041E9 /* Inventory.swift in Sources */,
				F21ECE471C7A7C90008041E9 /* Hero.swift in Sources */,
				F21ECE111C7A5F8A008041E9 /* Stat.swift in Sources */,
				F2350B7F1C7C187100D6E18E /* ViewInstantiation.swift in Sources */,
				C3AB8F471C7CF992007CE0BA /* HeroPersistenceTests.swift in Sources */,
				F21ECDFE1C7A5CD5008041E9 /* ObjectProviderTests.swift in Sources */,
				F21ECE7C1C7A9D67008041E9 /* Coding.swift in Sources */,
				F2350AF81C7AD60700D6E18E /* HeroCodingTests.swift in Sources */,
				F21ECE311C7A6C7F008041E9 /* Skill.swift in Sources */,
				F2350AF31C7AAD4800D6E18E /* InventoryPersistenceTests.swift in Sources */,
				F21ECE391C7A7254008041E9 /* Item.swift in Sources */,
				F21ECDFB1C7A580C008041E9 /* ObjectProvider.swift in Sources */,
				F21ECE191C7A65F1008041E9 /* Race.swift in Sources */,
			);
			runOnlyForDeploymentPostprocessing = 0;
		};
		F21ECDD31C7A516B008041E9 /* Sources */ = {
			isa = PBXSourcesBuildPhase;
			buildActionMask = 2147483647;
			files = (
				F21ECE431C7A7B94008041E9 /* Floor.swift in Sources */,
				F2350B801C7C187100D6E18E /* ViewInstantiation.swift in Sources */,
				F21ECE511C7A7E0E008041E9 /* Nameable.swift in Sources */,
				F21ECDF81C7A5778008041E9 /* God.swift in Sources */,
				F21ECE4D1C7A7C9D008041E9 /* Inventory.swift in Sources */,
				F21ECE481C7A7C90008041E9 /* Hero.swift in Sources */,
				F21ECE121C7A5F8A008041E9 /* Stat.swift in Sources */,
				C3AB8F411C7CF5B2007CE0BA /* HeroPersistence.swift in Sources */,
				F21ECDDC1C7A516B008041E9 /* Dark_DaysUITests.swift in Sources */,
				F21ECE7D1C7A9D67008041E9 /* Coding.swift in Sources */,
				C3AB8F4A1C7CFA27007CE0BA /* Monster.swift in Sources */,
				F21ECE321C7A6C7F008041E9 /* Skill.swift in Sources */,
				F21ECE3A1C7A7254008041E9 /* Item.swift in Sources */,
				F21ECDFC1C7A580C008041E9 /* ObjectProvider.swift in Sources */,
				F21ECE1A1C7A65F1008041E9 /* Race.swift in Sources */,
			);
			runOnlyForDeploymentPostprocessing = 0;
		};
/* End PBXSourcesBuildPhase section */

/* Begin PBXTargetDependency section */
		F21ECDCE1C7A516B008041E9 /* PBXTargetDependency */ = {
			isa = PBXTargetDependency;
			target = F21ECDB71C7A516B008041E9 /* Dark Days */;
			targetProxy = F21ECDCD1C7A516B008041E9 /* PBXContainerItemProxy */;
		};
		F21ECDD91C7A516B008041E9 /* PBXTargetDependency */ = {
			isa = PBXTargetDependency;
			target = F21ECDB71C7A516B008041E9 /* Dark Days */;
			targetProxy = F21ECDD81C7A516B008041E9 /* PBXContainerItemProxy */;
		};
/* End PBXTargetDependency section */

/* Begin PBXVariantGroup section */
		F21ECDC41C7A516B008041E9 /* LaunchScreen.storyboard */ = {
			isa = PBXVariantGroup;
			children = (
				F21ECDC51C7A516B008041E9 /* Base */,
			);
			name = LaunchScreen.storyboard;
			sourceTree = "<group>";
		};
/* End PBXVariantGroup section */

/* Begin XCBuildConfiguration section */
		F21ECDDE1C7A516B008041E9 /* Debug */ = {
			isa = XCBuildConfiguration;
			buildSettings = {
				ALWAYS_SEARCH_USER_PATHS = NO;
				CLANG_CXX_LANGUAGE_STANDARD = "gnu++0x";
				CLANG_CXX_LIBRARY = "libc++";
				CLANG_ENABLE_MODULES = YES;
				CLANG_ENABLE_OBJC_ARC = YES;
				CLANG_WARN_BOOL_CONVERSION = YES;
				CLANG_WARN_CONSTANT_CONVERSION = YES;
				CLANG_WARN_DIRECT_OBJC_ISA_USAGE = YES_ERROR;
				CLANG_WARN_EMPTY_BODY = YES;
				CLANG_WARN_ENUM_CONVERSION = YES;
				CLANG_WARN_INT_CONVERSION = YES;
				CLANG_WARN_OBJC_ROOT_CLASS = YES_ERROR;
				CLANG_WARN_UNREACHABLE_CODE = YES;
				CLANG_WARN__DUPLICATE_METHOD_MATCH = YES;
				"CODE_SIGN_IDENTITY[sdk=iphoneos*]" = "iPhone Developer";
				COPY_PHASE_STRIP = NO;
				DEBUG_INFORMATION_FORMAT = dwarf;
				ENABLE_STRICT_OBJC_MSGSEND = YES;
				ENABLE_TESTABILITY = YES;
				FRAMEWORK_SEARCH_PATHS = "$(SRCROOT)/**";
				GCC_C_LANGUAGE_STANDARD = gnu99;
				GCC_DYNAMIC_NO_PIC = NO;
				GCC_NO_COMMON_BLOCKS = YES;
				GCC_OPTIMIZATION_LEVEL = 0;
				GCC_PREPROCESSOR_DEFINITIONS = (
					"DEBUG=1",
					"$(inherited)",
				);
				GCC_WARN_64_TO_32_BIT_CONVERSION = YES;
				GCC_WARN_ABOUT_RETURN_TYPE = YES_ERROR;
				GCC_WARN_UNDECLARED_SELECTOR = YES;
				GCC_WARN_UNINITIALIZED_AUTOS = YES_AGGRESSIVE;
				GCC_WARN_UNUSED_FUNCTION = YES;
				GCC_WARN_UNUSED_VARIABLE = YES;
				IPHONEOS_DEPLOYMENT_TARGET = 9.2;
				MTL_ENABLE_DEBUG_INFO = YES;
				ONLY_ACTIVE_ARCH = YES;
				SDKROOT = iphoneos;
				SWIFT_OPTIMIZATION_LEVEL = "-Onone";
				TARGETED_DEVICE_FAMILY = "1,2";
			};
			name = Debug;
		};
		F21ECDDF1C7A516B008041E9 /* Release */ = {
			isa = XCBuildConfiguration;
			buildSettings = {
				ALWAYS_SEARCH_USER_PATHS = NO;
				CLANG_CXX_LANGUAGE_STANDARD = "gnu++0x";
				CLANG_CXX_LIBRARY = "libc++";
				CLANG_ENABLE_MODULES = YES;
				CLANG_ENABLE_OBJC_ARC = YES;
				CLANG_WARN_BOOL_CONVERSION = YES;
				CLANG_WARN_CONSTANT_CONVERSION = YES;
				CLANG_WARN_DIRECT_OBJC_ISA_USAGE = YES_ERROR;
				CLANG_WARN_EMPTY_BODY = YES;
				CLANG_WARN_ENUM_CONVERSION = YES;
				CLANG_WARN_INT_CONVERSION = YES;
				CLANG_WARN_OBJC_ROOT_CLASS = YES_ERROR;
				CLANG_WARN_UNREACHABLE_CODE = YES;
				CLANG_WARN__DUPLICATE_METHOD_MATCH = YES;
				"CODE_SIGN_IDENTITY[sdk=iphoneos*]" = "iPhone Developer";
				COPY_PHASE_STRIP = NO;
				DEBUG_INFORMATION_FORMAT = "dwarf-with-dsym";
				ENABLE_NS_ASSERTIONS = NO;
				ENABLE_STRICT_OBJC_MSGSEND = YES;
				FRAMEWORK_SEARCH_PATHS = "$(SRCROOT)/**";
				GCC_C_LANGUAGE_STANDARD = gnu99;
				GCC_NO_COMMON_BLOCKS = YES;
				GCC_WARN_64_TO_32_BIT_CONVERSION = YES;
				GCC_WARN_ABOUT_RETURN_TYPE = YES_ERROR;
				GCC_WARN_UNDECLARED_SELECTOR = YES;
				GCC_WARN_UNINITIALIZED_AUTOS = YES_AGGRESSIVE;
				GCC_WARN_UNUSED_FUNCTION = YES;
				GCC_WARN_UNUSED_VARIABLE = YES;
				IPHONEOS_DEPLOYMENT_TARGET = 9.2;
				MTL_ENABLE_DEBUG_INFO = NO;
				SDKROOT = iphoneos;
				TARGETED_DEVICE_FAMILY = "1,2";
				VALIDATE_PRODUCT = YES;
			};
			name = Release;
		};
		F21ECDE11C7A516B008041E9 /* Debug */ = {
			isa = XCBuildConfiguration;
			baseConfigurationReference = E2ECBEDBB5B255105B4C8752 /* Pods.debug.xcconfig */;
			buildSettings = {
				ASSETCATALOG_COMPILER_APPICON_NAME = AppIcon;
				FRAMEWORK_SEARCH_PATHS = "$(inherited)";
				INFOPLIST_FILE = "Dark Days/Info.plist";
				LD_RUNPATH_SEARCH_PATHS = "$(inherited) @executable_path/Frameworks";
				PRODUCT_BUNDLE_IDENTIFIER = "com.lickability.Dark-Days";
				PRODUCT_NAME = "$(TARGET_NAME)";
			};
			name = Debug;
		};
		F21ECDE21C7A516B008041E9 /* Release */ = {
			isa = XCBuildConfiguration;
			baseConfigurationReference = AF5EACA02CF05E8972D615FA /* Pods.release.xcconfig */;
			buildSettings = {
				ASSETCATALOG_COMPILER_APPICON_NAME = AppIcon;
				FRAMEWORK_SEARCH_PATHS = "$(inherited)";
				INFOPLIST_FILE = "Dark Days/Info.plist";
				LD_RUNPATH_SEARCH_PATHS = "$(inherited) @executable_path/Frameworks";
				PRODUCT_BUNDLE_IDENTIFIER = "com.lickability.Dark-Days";
				PRODUCT_NAME = "$(TARGET_NAME)";
			};
			name = Release;
		};
		F21ECDE41C7A516B008041E9 /* Debug */ = {
			isa = XCBuildConfiguration;
			buildSettings = {
				BUNDLE_LOADER = "$(TEST_HOST)";
				FRAMEWORK_SEARCH_PATHS = "$(inherited)";
				INFOPLIST_FILE = "Dark DaysTests/Info.plist";
				LD_RUNPATH_SEARCH_PATHS = "$(inherited) @executable_path/Frameworks @loader_path/Frameworks";
				PRODUCT_BUNDLE_IDENTIFIER = "com.lickability.Dark-DaysTests";
				PRODUCT_NAME = "$(TARGET_NAME)";
				TEST_HOST = "$(BUILT_PRODUCTS_DIR)/Dark Days.app/Dark Days";
			};
			name = Debug;
		};
		F21ECDE51C7A516B008041E9 /* Release */ = {
			isa = XCBuildConfiguration;
			buildSettings = {
				BUNDLE_LOADER = "$(TEST_HOST)";
				FRAMEWORK_SEARCH_PATHS = "$(inherited)";
				INFOPLIST_FILE = "Dark DaysTests/Info.plist";
				LD_RUNPATH_SEARCH_PATHS = "$(inherited) @executable_path/Frameworks @loader_path/Frameworks";
				PRODUCT_BUNDLE_IDENTIFIER = "com.lickability.Dark-DaysTests";
				PRODUCT_NAME = "$(TARGET_NAME)";
				TEST_HOST = "$(BUILT_PRODUCTS_DIR)/Dark Days.app/Dark Days";
			};
			name = Release;
		};
		F21ECDE71C7A516B008041E9 /* Debug */ = {
			isa = XCBuildConfiguration;
			buildSettings = {
				FRAMEWORK_SEARCH_PATHS = "$(inherited)";
				INFOPLIST_FILE = "Dark DaysUITests/Info.plist";
				LD_RUNPATH_SEARCH_PATHS = "$(inherited) @executable_path/Frameworks @loader_path/Frameworks";
				PRODUCT_BUNDLE_IDENTIFIER = "com.lickability.Dark-DaysUITests";
				PRODUCT_NAME = "$(TARGET_NAME)";
				TEST_TARGET_NAME = "Dark Days";
				USES_XCTRUNNER = YES;
			};
			name = Debug;
		};
		F21ECDE81C7A516B008041E9 /* Release */ = {
			isa = XCBuildConfiguration;
			buildSettings = {
				FRAMEWORK_SEARCH_PATHS = "$(inherited)";
				INFOPLIST_FILE = "Dark DaysUITests/Info.plist";
				LD_RUNPATH_SEARCH_PATHS = "$(inherited) @executable_path/Frameworks @loader_path/Frameworks";
				PRODUCT_BUNDLE_IDENTIFIER = "com.lickability.Dark-DaysUITests";
				PRODUCT_NAME = "$(TARGET_NAME)";
				TEST_TARGET_NAME = "Dark Days";
				USES_XCTRUNNER = YES;
			};
			name = Release;
		};
/* End XCBuildConfiguration section */

/* Begin XCConfigurationList section */
		F21ECDB31C7A516B008041E9 /* Build configuration list for PBXProject "Dark Days" */ = {
			isa = XCConfigurationList;
			buildConfigurations = (
				F21ECDDE1C7A516B008041E9 /* Debug */,
				F21ECDDF1C7A516B008041E9 /* Release */,
			);
			defaultConfigurationIsVisible = 0;
			defaultConfigurationName = Release;
		};
		F21ECDE01C7A516B008041E9 /* Build configuration list for PBXNativeTarget "Dark Days" */ = {
			isa = XCConfigurationList;
			buildConfigurations = (
				F21ECDE11C7A516B008041E9 /* Debug */,
				F21ECDE21C7A516B008041E9 /* Release */,
			);
			defaultConfigurationIsVisible = 0;
			defaultConfigurationName = Release;
		};
		F21ECDE31C7A516B008041E9 /* Build configuration list for PBXNativeTarget "Dark DaysTests" */ = {
			isa = XCConfigurationList;
			buildConfigurations = (
				F21ECDE41C7A516B008041E9 /* Debug */,
				F21ECDE51C7A516B008041E9 /* Release */,
			);
			defaultConfigurationIsVisible = 0;
			defaultConfigurationName = Release;
		};
		F21ECDE61C7A516B008041E9 /* Build configuration list for PBXNativeTarget "Dark DaysUITests" */ = {
			isa = XCConfigurationList;
			buildConfigurations = (
				F21ECDE71C7A516B008041E9 /* Debug */,
				F21ECDE81C7A516B008041E9 /* Release */,
			);
			defaultConfigurationIsVisible = 0;
			defaultConfigurationName = Release;
		};
/* End XCConfigurationList section */
	};
	rootObject = F21ECDB01C7A516B008041E9 /* Project object */;
}
