PODS:
  - Decodable (0.5)
  - HockeySDK (4.0.0):
    - HockeySDK/AllFeaturesLib (= 4.0.0)
  - HockeySDK/AllFeaturesLib (4.0.0)
  - REMenu (1.10)

DEPENDENCIES:
  - Decodable
  - HockeySDK
  - REMenu

SPEC CHECKSUMS:
  Decodable: 7c90acc68d357b71d0d6efc120faf9c53c644b7e
  HockeySDK: 6d9076ec15fb48512ec5b01fc27ec9c684106898
  REMenu: 30dad195930adf6c5eeb8041e3257aa60bf9fa49

PODFILE CHECKSUM: 71b2cd2c7e2d8e6351c9fca4d218b8b149859d1f

COCOAPODS: 1.1.0.rc.2
