PODS:
  - BEMCheckBox (1.2.1)
  - Decodable (0.5)
  - HockeySDK (4.0.0):
    - HockeySDK/AllFeaturesLib (= 4.0.0)
  - HockeySDK/AllFeaturesLib (4.0.0)
  - REMenu (1.10)

DEPENDENCIES:
  - BEMCheckBox
  - Decodable
  - HockeySDK
  - REMenu

SPEC CHECKSUMS:
  BEMCheckBox: 264b8b72aa92adbfefa265cc58a0cdb86b207b9f
  Decodable: 7c90acc68d357b71d0d6efc120faf9c53c644b7e
  HockeySDK: 6d9076ec15fb48512ec5b01fc27ec9c684106898
  REMenu: 30dad195930adf6c5eeb8041e3257aa60bf9fa49

PODFILE CHECKSUM: 9c38e7d045b62690063f630c6c6f6da99217ff93

COCOAPODS: 1.1.0.rc.2
